github.com/gin-contrib/cors v1.3.1 h1:MjcWpj8j8KeSuvHpdGEMcrNuMZuwIg4DdcU0NEzOxzY=
github.com/gin-contrib/cors v1.3.1/go.mod h1:Pa0VA5r2DrkYVDqaIRny6n4v3Xg9Zq5CtKDZhv5zsvY=
github.com/gin-gonic/gin v1.9.1 h1:rxZ12dTbzK28V++6L5E9rZ1dyI+oG7mdyLyNgEYO06Y=
github.com/gin-gonic/gin v1.9.1/go.mod h1:qX3XZu3RlvuEBWj10G+C0dYJGkAZ7uI5XlA6Kkb0WDc=
github.com/golang-jwt/jwt/v5 v5.2.0 h1:wMJPVkFg2eSGS+NLT9rlbpDwY+DO6xYPB7O5T4BG0vY=
github.com/golang-jwt/jwt/v5 v5.2.0/go.mod h1:0ZVbi9x86X6M6sjD7ZKXgoxueGcz9+uDPMBlW3D17+Y=
github.com/joho/godotenv v1.5.1 h1:YIDMtZqS2nyONHAlvUjV1bJr7PLCNrpTj2txUfzLz5g=
github.com/joho/godotenv v1.5.1/go.mod h1:LFFIqkFxUSZ5rLhXftK8oGCUbJiy9ql0ml6z9g0hbNY=
github.com/lib/pq v1.10.9 h1:ABeQ+UpFd80j26BpO+RNUVZNVQjocG8aXoAkYgOl1qY=
github.com/lib/pq v1.10.9/go.mod h1:HOMAkfR63EBZ2xknr7iZk+U4BMgoUS1kC/Y4I4j+JNM=
github.com/google/uuid v1.3.1 h1:wZ+ywK0AW3uUoHtshkPHdHRvU6UBP1e7Zz9c+DUd2H0=
github.com/google/uuid v1.3.1/go.mod h1:5ih+AHUktOipbcU0LktIReYBtHxfniNvf9Ga+zD4FDQ=